
Microsoft Visual Studio Solution File, Format Version 12.00
# Visual Studio Version 17
VisualStudioVersion = 17.9.34728.123
MinimumVisualStudioVersion = 10.0.40219.1
Project("{FAE04EC0-301F-11D3-BF4B-00C04F79EFBC}") = "Gestionnaire_inventaire", "Gestionnaire_inventaire\Gestionnaire_inventaire.csproj", "{CE446366-CABE-4F2A-A34F-1E63BF324220}"
EndProject
Global
	GlobalSection(SolutionConfigurationPlatforms) = preSolution
		Debug|Any CPU = Debug|Any CPU
		Release|Any CPU = Release|Any CPU
	EndGlobalSection
	GlobalSection(ProjectConfigurationPlatforms) = postSolution
		{CE446366-CABE-4F2A-A34F-1E63BF324220}.Debug|Any CPU.ActiveCfg = Debug|Any CPU
		{CE446366-CABE-4F2A-A34F-1E63BF324220}.Debug|Any CPU.Build.0 = Debug|Any CPU
		{CE446366-CABE-4F2A-A34F-1E63BF324220}.Release|Any CPU.ActiveCfg = Release|Any CPU
		{CE446366-CABE-4F2A-A34F-1E63BF324220}.Release|Any CPU.Build.0 = Release|Any CPU
	EndGlobalSection
	GlobalSection(SolutionProperties) = preSolution
		HideSolutionNode = FALSE
	EndGlobalSection
	GlobalSection(ExtensibilityGlobals) = postSolution
		SolutionGuid = {D98A3C72-D928-4A7D-84A1-67C7EAC38006}
	EndGlobalSection
EndGlobal
